
Microsoft Visual Studio Solution File, Format Version 12.00
# Visual Studio Version 17
VisualStudioVersion = 17.14.36811.4 d17.14
MinimumVisualStudioVersion = 10.0.40219.1
Project("{FAE04EC0-301F-11D3-BF4B-00C04F79EFBC}") = "S3Browser", "S3Browser\S3Browser.csproj", "{CAE8436D-8306-4039-BDC6-DFADD29FE04C}"
EndProject
Global
	GlobalSection(SolutionConfigurationPlatforms) = preSolution
		Debug|Any CPU = Debug|Any CPU
		Release|Any CPU = Release|Any CPU
	EndGlobalSection
	GlobalSection(ProjectConfigurationPlatforms) = postSolution
		{CAE8436D-8306-4039-BDC6-DFADD29FE04C}.Debug|Any CPU.ActiveCfg = Debug|Any CPU
		{CAE8436D-8306-4039-BDC6-DFADD29FE04C}.Debug|Any CPU.Build.0 = Debug|Any CPU
		{CAE8436D-8306-4039-BDC6-DFADD29FE04C}.Release|Any CPU.ActiveCfg = Release|Any CPU
		{CAE8436D-8306-4039-BDC6-DFADD29FE04C}.Release|Any CPU.Build.0 = Release|Any CPU
	EndGlobalSection
	GlobalSection(SolutionProperties) = preSolution
		HideSolutionNode = FALSE
	EndGlobalSection
	GlobalSection(ExtensibilityGlobals) = postSolution
		SolutionGuid = {10B62961-4FF2-4286-AC93-49ADB656DEFB}
	EndGlobalSection
EndGlobal
